
Microsoft Visual Studio Solution File, Format Version 12.00
# Visual Studio 15
VisualStudioVersion = 15.0.27130.2027
MinimumVisualStudioVersion = 10.0.40219.1
Project("{FAE04EC0-301F-11D3-BF4B-00C04F79EFBC}") = "LogicLibrary", "LogicLibrary\LogicLibrary.csproj", "{D16610C3-353A-48F9-9DA3-8A71C8E5E3D6}"
EndProject
Project("{FAE04EC0-301F-11D3-BF4B-00C04F79EFBC}") = "3.1.7", "3.1.7\3.1.7.csproj", "{1FE32FA4-7308-498E-BC74-AD9426BAA172}"
EndProject
Project("{FAE04EC0-301F-11D3-BF4B-00C04F79EFBC}") = "3.2.38", "3.2.38\3.2.38.csproj", "{635FB8A2-1A63-4066-A8B2-5BBB72C964F6}"
EndProject
Global
	GlobalSection(SolutionConfigurationPlatforms) = preSolution
		Debug|Any CPU = Debug|Any CPU
		Release|Any CPU = Release|Any CPU
	EndGlobalSection
	GlobalSection(ProjectConfigurationPlatforms) = postSolution
		{D16610C3-353A-48F9-9DA3-8A71C8E5E3D6}.Debug|Any CPU.ActiveCfg = Debug|Any CPU
		{D16610C3-353A-48F9-9DA3-8A71C8E5E3D6}.Debug|Any CPU.Build.0 = Debug|Any CPU
		{D16610C3-353A-48F9-9DA3-8A71C8E5E3D6}.Release|Any CPU.ActiveCfg = Release|Any CPU
		{D16610C3-353A-48F9-9DA3-8A71C8E5E3D6}.Release|Any CPU.Build.0 = Release|Any CPU
		{1FE32FA4-7308-498E-BC74-AD9426BAA172}.Debug|Any CPU.ActiveCfg = Debug|Any CPU
		{1FE32FA4-7308-498E-BC74-AD9426BAA172}.Debug|Any CPU.Build.0 = Debug|Any CPU
		{1FE32FA4-7308-498E-BC74-AD9426BAA172}.Release|Any CPU.ActiveCfg = Release|Any CPU
		{1FE32FA4-7308-498E-BC74-AD9426BAA172}.Release|Any CPU.Build.0 = Release|Any CPU
		{635FB8A2-1A63-4066-A8B2-5BBB72C964F6}.Debug|Any CPU.ActiveCfg = Debug|Any CPU
		{635FB8A2-1A63-4066-A8B2-5BBB72C964F6}.Debug|Any CPU.Build.0 = Debug|Any CPU
		{635FB8A2-1A63-4066-A8B2-5BBB72C964F6}.Release|Any CPU.ActiveCfg = Release|Any CPU
		{635FB8A2-1A63-4066-A8B2-5BBB72C964F6}.Release|Any CPU.Build.0 = Release|Any CPU
	EndGlobalSection
	GlobalSection(SolutionProperties) = preSolution
		HideSolutionNode = FALSE
	EndGlobalSection
	GlobalSection(ExtensibilityGlobals) = postSolution
		SolutionGuid = {92FCD600-AB06-4A5B-AE8D-CBF51AA0FA54}
	EndGlobalSection
EndGlobal
